
Microsoft Visual Studio Solution File, Format Version 12.00
# Visual Studio Version 17
VisualStudioVersion = 17.4.33110.190
MinimumVisualStudioVersion = 10.0.40219.1
Project("{9A19103F-16F7-4668-BE54-9A1E7A4F7556}") = "GameStoreAPI", "GameStoreAPI\GameStoreAPI.csproj", "{2725CA59-A610-45A0-ADC7-BEE84D3BF7D5}"
EndProject
Project("{FAE04EC0-301F-11D3-BF4B-00C04F79EFBC}") = "GameStore.Data", "GameStore.Data\GameStore.Data.csproj", "{B9177E67-31EB-4172-9C31-A335ED6C4931}"
EndProject
Global
	GlobalSection(SolutionConfigurationPlatforms) = preSolution
		Debug|Any CPU = Debug|Any CPU
		Release|Any CPU = Release|Any CPU
	EndGlobalSection
	GlobalSection(ProjectConfigurationPlatforms) = postSolution
		{2725CA59-A610-45A0-ADC7-BEE84D3BF7D5}.Debug|Any CPU.ActiveCfg = Debug|Any CPU
		{2725CA59-A610-45A0-ADC7-BEE84D3BF7D5}.Debug|Any CPU.Build.0 = Debug|Any CPU
		{2725CA59-A610-45A0-ADC7-BEE84D3BF7D5}.Release|Any CPU.ActiveCfg = Release|Any CPU
		{2725CA59-A610-45A0-ADC7-BEE84D3BF7D5}.Release|Any CPU.Build.0 = Release|Any CPU
		{B9177E67-31EB-4172-9C31-A335ED6C4931}.Debug|Any CPU.ActiveCfg = Debug|Any CPU
		{B9177E67-31EB-4172-9C31-A335ED6C4931}.Debug|Any CPU.Build.0 = Debug|Any CPU
		{B9177E67-31EB-4172-9C31-A335ED6C4931}.Release|Any CPU.ActiveCfg = Release|Any CPU
		{B9177E67-31EB-4172-9C31-A335ED6C4931}.Release|Any CPU.Build.0 = Release|Any CPU
	EndGlobalSection
	GlobalSection(SolutionProperties) = preSolution
		HideSolutionNode = FALSE
	EndGlobalSection
	GlobalSection(ExtensibilityGlobals) = postSolution
		SolutionGuid = {2CB24EB4-7828-46B7-A435-E09457AF1AD2}
	EndGlobalSection
EndGlobal
